
Microsoft Visual Studio Solution File, Format Version 12.00
# Visual Studio Version 17
VisualStudioVersion = 17.7.33728.24
MinimumVisualStudioVersion = 10.0.40219.1
Project("{FAE04EC0-301F-11D3-BF4B-00C04F79EFBC}") = "WebApplication9", "WebApplication9\WebApplication9.csproj", "{A43243D9-CB06-4C2E-B553-EFB97403186D}"
EndProject
Global
	GlobalSection(SolutionConfigurationPlatforms) = preSolution
		Debug|Any CPU = Debug|Any CPU
		Release|Any CPU = Release|Any CPU
	EndGlobalSection
	GlobalSection(ProjectConfigurationPlatforms) = postSolution
		{A43243D9-CB06-4C2E-B553-EFB97403186D}.Debug|Any CPU.ActiveCfg = Debug|Any CPU
		{A43243D9-CB06-4C2E-B553-EFB97403186D}.Debug|Any CPU.Build.0 = Debug|Any CPU
		{A43243D9-CB06-4C2E-B553-EFB97403186D}.Release|Any CPU.ActiveCfg = Release|Any CPU
		{A43243D9-CB06-4C2E-B553-EFB97403186D}.Release|Any CPU.Build.0 = Release|Any CPU
	EndGlobalSection
	GlobalSection(SolutionProperties) = preSolution
		HideSolutionNode = FALSE
	EndGlobalSection
	GlobalSection(ExtensibilityGlobals) = postSolution
		SolutionGuid = {62D97043-1484-4335-8A00-E9F463B4E1F4}
	EndGlobalSection
EndGlobal
